
Microsoft Visual Studio Solution File, Format Version 12.00
# Visual Studio Version 16
VisualStudioVersion = 16.0.29102.190
MinimumVisualStudioVersion = 10.0.40219.1
Project("{888888A0-9F3D-457C-B088-3A5042F75D52}") = "大金猪", "大金猪\大金猪.pyproj", "{7DC07CBF-1721-4269-AF5C-261E33846A0B}"
EndProject
Global
	GlobalSection(SolutionConfigurationPlatforms) = preSolution
		Debug|Any CPU = Debug|Any CPU
		Release|Any CPU = Release|Any CPU
	EndGlobalSection
	GlobalSection(ProjectConfigurationPlatforms) = postSolution
		{7DC07CBF-1721-4269-AF5C-261E33846A0B}.Debug|Any CPU.ActiveCfg = Debug|Any CPU
		{7DC07CBF-1721-4269-AF5C-261E33846A0B}.Release|Any CPU.ActiveCfg = Release|Any CPU
	EndGlobalSection
	GlobalSection(SolutionProperties) = preSolution
		HideSolutionNode = FALSE
	EndGlobalSection
	GlobalSection(ExtensibilityGlobals) = postSolution
		SolutionGuid = {1D78F8B2-0186-4721-8265-753900C4564F}
	EndGlobalSection
EndGlobal
